hash: 6705de1db258ce5682daef8be70ae5311cf519d600db1a38b01ccfea3a6109bb
updated: 2017-05-10T14:21:21.813453529+03:00
imports:
- name: bitbucket.org/mobio/go-cache
  version: 3509b38e54e230dd48e198a835e61f84049acbf7
  repo: git@bitbucket.org:mobio/go-cache.git
- name: bitbucket.org/mobio/go-collector
  version: 962f35ec3b033429b0eea48ecdbd413edc001e43
  repo: git@bitbucket.org:mobio/go-collector.git
- name: bitbucket.org/mobio/go-config
  version: 6ede1a7f02f261a75d8f991284280e6af8e836f5
  repo: git@bitbucket.org:mobio/go-config.git
- name: bitbucket.org/mobio/go-dbmanager
  version: 8171257e7a23b77a119f456e04a49acc81cff6bf
  repo: git@bitbucket.org:mobio/go-dbmanager.git
- name: bitbucket.org/mobio/go-ldbmanager
  version: 7380e2dedb4558fbba4f3c0e707a1f9829a0c8d0
  repo: git@bitbucket.org:mobio/go-ldbmanager.git
- name: bitbucket.org/mobio/go-logger
  version: a65e5d32d909f0f73aab11eff2b1f1c2c04409b8
  repo: git@bitbucket.org:mobio/go-logger.git
  subpackages:
  - hooks/mail
- name: bitbucket.org/mobio/go-scheduler
  version: 5d22c0a8fc15cde8dc79460fbf631eff0fddbff8
  repo: git@bitbucket.org:mobio/go-scheduler.git
- name: github.com/beefsack/go-rate
  version: de575b104f4218f4aebdc95ba56f61f38d0dad86
- name: github.com/cnf/structhash
  version: b3c9c703a80ee58c10e2c80b60a21258818e5790
- name: github.com/dghubble/sling
  version: eb56e89ac5088bebb12eef3cb4b293300f43608b
- name: github.com/fsnotify/fsnotify
  version: 4da3e2cfbabc9f751898f250b49f2439785783a1
- name: github.com/google/go-querystring
  version: 53e6ce116135b80d037921a7fdd5138cf32d7a8a
  subpackages:
  - query
- name: github.com/hashicorp/hcl
  version: 392dba7d905ed5d04a5794ba89f558b27e2ba1ca
  subpackages:
  - hcl/ast
  - hcl/parser
  - hcl/scanner
  - hcl/strconv
  - hcl/token
  - json/parser
  - json/scanner
  - json/token
- name: github.com/jinzhu/inflection
  version: 1c35d901db3da928c72a72d8458480cc9ade058f
- name: github.com/magiconair/properties
  version: 51463bfca2576e06c62a8504b5c0f06d61312647
- name: github.com/mitchellh/mapstructure
  version: cc8532a8e9a55ea36402aa21efdf403a60d34096
- name: github.com/papa-stiflera/gocron
  version: 9757c5c16dcba9b44ce3e2372519ed3308e63543
- name: github.com/patrickmn/go-cache
  version: 1881a9bccb818787f68c52bfba648c6cf34c34fa
- name: github.com/pelletier/go-buffruneio
  version: c37440a7cf42ac63b919c752ca73a85067e05992
- name: github.com/pelletier/go-toml
  version: 23f644976aa7c724adf4aec911dadf4af17840ab
- name: github.com/pressly/chi
  version: e6033ea75479391a4bce3918fc119cad31e1cb30
  subpackages:
  - middleware
- name: github.com/sirupsen/logrus
  version: ba1b36c82c5e05c4f912a88eab0dcd91a171688f
- name: github.com/spf13/afero
  version: 9be650865eab0c12963d8753212f4f9c66cdcf12
  subpackages:
  - mem
- name: github.com/spf13/cast
  version: acbeb36b902d72a7a4c18e8f3241075e7ab763e4
- name: github.com/spf13/jwalterweatherman
  version: 8f07c835e5cc1450c082fe3a439cf87b0cbb2d99
- name: github.com/spf13/pflag
  version: e57e3eeb33f795204c1ca35f56c44f83227c6e66
- name: github.com/spf13/viper
  version: 0967fc9aceab2ce9da34061253ac10fb99bba5b2
- name: github.com/stretchr/testify
  version: 69483b4bd14f5845b5a1e55bca19e954e827f1d0
  subpackages:
  - assert
  - require
  - suite
- name: golang.org/x/sys
  version: 9ccfe848b9db8435a24c424abbc07a921adf1df5
  subpackages:
  - unix
- name: golang.org/x/text
  version: 470f45bf29f4147d6fbd7dfd0a02a848e49f5bf4
  subpackages:
  - transform
  - unicode/norm
- name: gopkg.in/pg.v5
  version: 2246060a2a43f8282ad53295d56d780dbc930b7f
  subpackages:
  - internal
  - internal/parser
  - internal/pool
  - orm
  - types
- name: gopkg.in/yaml.v2
  version: cd8b52f8269e0feb286dfeef29f8fe4d5b397e0b
testImports:
- name: github.com/davecgh/go-spew
  version: 6d212800a42e8ab5c146b8ace3490ee17e5225f9
  subpackages:
  - spew
- name: github.com/pmezard/go-difflib
  version: d8ed2627bdf02c080bf22230dbb337003b7aba2d
  subpackages:
  - difflib
